
Microsoft Visual Studio Solution File, Format Version 12.00
# Visual Studio Version 17
VisualStudioVersion = 17.7.34202.233
MinimumVisualStudioVersion = 10.0.40219.1
Project("{FAE04EC0-301F-11D3-BF4B-00C04F79EFBC}") = "WebCaso1", "WebCaso1\WebCaso1.csproj", "{CFCF5F44-AAFA-43A5-83A3-127BE6FBE30C}"
EndProject
Global
	GlobalSection(SolutionConfigurationPlatforms) = preSolution
		Debug|Any CPU = Debug|Any CPU
		Release|Any CPU = Release|Any CPU
	EndGlobalSection
	GlobalSection(ProjectConfigurationPlatforms) = postSolution
		{CFCF5F44-AAFA-43A5-83A3-127BE6FBE30C}.Debug|Any CPU.ActiveCfg = Debug|Any CPU
		{CFCF5F44-AAFA-43A5-83A3-127BE6FBE30C}.Debug|Any CPU.Build.0 = Debug|Any CPU
		{CFCF5F44-AAFA-43A5-83A3-127BE6FBE30C}.Release|Any CPU.ActiveCfg = Release|Any CPU
		{CFCF5F44-AAFA-43A5-83A3-127BE6FBE30C}.Release|Any CPU.Build.0 = Release|Any CPU
	EndGlobalSection
	GlobalSection(SolutionProperties) = preSolution
		HideSolutionNode = FALSE
	EndGlobalSection
	GlobalSection(ExtensibilityGlobals) = postSolution
		SolutionGuid = {05BC46D8-046C-4B19-8020-07D968101844}
	EndGlobalSection
EndGlobal
